// !$*UTF8*$!
{
	archiveVersion = 1;
	classes = {
	};
	objectVersion = 46;
	objects = {

/* Begin PBXBuildFile section */
		635353A919B4B883002A1E63 /* Foundation.framework in Frameworks */ = {isa = PBXBuildFile; fileRef = 635353A819B4B883002A1E63 /* Foundation.framework */; };
		635353AB19B4B883002A1E63 /* CoreGraphics.framework in Frameworks */ = {isa = PBXBuildFile; fileRef = 635353AA19B4B883002A1E63 /* CoreGraphics.framework */; };
		635353AD19B4B883002A1E63 /* UIKit.framework in Frameworks */ = {isa = PBXBuildFile; fileRef = 635353AC19B4B883002A1E63 /* UIKit.framework */; };
		635353B319B4B883002A1E63 /* InfoPlist.strings in Resources */ = {isa = PBXBuildFile; fileRef = 635353B119B4B883002A1E63 /* InfoPlist.strings */; };
		635353B519B4B883002A1E63 /* main.m in Sources */ = {isa = PBXBuildFile; fileRef = 635353B419B4B883002A1E63 /* main.m */; };
		635353B919B4B883002A1E63 /* CCAppDelegate.m in Sources */ = {isa = PBXBuildFile; fileRef = 635353B819B4B883002A1E63 /* CCAppDelegate.m */; };
		635353BC19B4B883002A1E63 /* Main.storyboard in Resources */ = {isa = PBXBuildFile; fileRef = 635353BA19B4B883002A1E63 /* Main.storyboard */; };
		635353C119B4B883002A1E63 /* Images.xcassets in Resources */ = {isa = PBXBuildFile; fileRef = 635353C019B4B883002A1E63 /* Images.xcassets */; };
		635353C819B4B883002A1E63 /* XCTest.framework in Frameworks */ = {isa = PBXBuildFile; fileRef = 635353C719B4B883002A1E63 /* XCTest.framework */; };
		635353C919B4B883002A1E63 /* Foundation.framework in Frameworks */ = {isa = PBXBuildFile; fileRef = 635353A819B4B883002A1E63 /* Foundation.framework */; };
		635353CA19B4B883002A1E63 /* UIKit.framework in Frameworks */ = {isa = PBXBuildFile; fileRef = 635353AC19B4B883002A1E63 /* UIKit.framework */; };
		635353D219B4B883002A1E63 /* InfoPlist.strings in Resources */ = {isa = PBXBuildFile; fileRef = 635353D019B4B883002A1E63 /* InfoPlist.strings */; };
		635353D419B4B883002A1E63 /* UITableViewController_Challenge_SolutionTests.m in Sources */ = {isa = PBXBuildFile; fileRef = 635353D319B4B883002A1E63 /* UITableViewController_Challenge_SolutionTests.m */; };
		635353E519B4BB71002A1E63 /* CCCTableViewController.m in Sources */ = {isa = PBXBuildFile; fileRef = 635353E419B4BB71002A1E63 /* CCCTableViewController.m */; };
/* End PBXBuildFile section */

/* Begin PBXContainerItemProxy section */
		635353CB19B4B883002A1E63 /* PBXContainerItemProxy */ = {
			isa = PBXContainerItemProxy;
			containerPortal = 6353539D19B4B883002A1E63 /* Project object */;
			proxyType = 1;
			remoteGlobalIDString = 635353A419B4B883002A1E63;
			remoteInfo = "UITableViewController Challenge Solution";
		};
/* End PBXContainerItemProxy section */

/* Begin PBXFileReference section */
		635353A519B4B883002A1E63 /* UITableViewController Challenge Solution.app */ = {isa = PBXFileReference; explicitFileType = wrapper.application; includeInIndex = 0; path = "UITableViewController Challenge Solution.app"; sourceTree = BUILT_PRODUCTS_DIR; };
		635353A819B4B883002A1E63 /* Foundation.framework */ = {isa = PBXFileReference; lastKnownFileType = wrapper.framework; name = Foundation.framework; path = System/Library/Frameworks/Foundation.framework; sourceTree = SDKROOT; };
		635353AA19B4B883002A1E63 /* CoreGraphics.framework */ = {isa = PBXFileReference; lastKnownFileType = wrapper.framework; name = CoreGraphics.framework; path = System/Library/Frameworks/CoreGraphics.framework; sourceTree = SDKROOT; };
		635353AC19B4B883002A1E63 /* UIKit.framework */ = {isa = PBXFileReference; lastKnownFileType = wrapper.framework; name = UIKit.framework; path = System/Library/Frameworks/UIKit.framework; sourceTree = SDKROOT; };
		635353B019B4B883002A1E63 /* UITableViewController Challenge Solution-Info.plist */ = {isa = PBXFileReference; lastKnownFileType = text.plist.xml; path = "UITableViewController Challenge Solution-Info.plist"; sourceTree = "<group>"; };
		635353B219B4B883002A1E63 /* en */ = {isa = PBXFileReference; lastKnownFileType = text.plist.strings; name = en; path = en.lproj/InfoPlist.strings; sourceTree = "<group>"; };
		635353B419B4B883002A1E63 /* main.m */ = {isa = PBXFileReference; lastKnownFileType = sourcecode.c.objc; path = main.m; sourceTree = "<group>"; };
		635353B619B4B883002A1E63 /* UITableViewController Challenge Solution-Prefix.pch */ = {isa = PBXFileReference; lastKnownFileType = sourcecode.c.h; path = "UITableViewController Challenge Solution-Prefix.pch"; sourceTree = "<group>"; };
		635353B719B4B883002A1E63 /* CCAppDelegate.h */ = {isa = PBXFileReference; lastKnownFileType = sourcecode.c.h; path = CCAppDelegate.h; sourceTree = "<group>"; };
		635353B819B4B883002A1E63 /* CCAppDelegate.m */ = {isa = PBXFileReference; lastKnownFileType = sourcecode.c.objc; path = CCAppDelegate.m; sourceTree = "<group>"; };
		635353BB19B4B883002A1E63 /* Base */ = {isa = PBXFileReference; lastKnownFileType = file.storyboard; name = Base; path = Base.lproj/Main.storyboard; sourceTree = "<group>"; };
		635353C019B4B883002A1E63 /* Images.xcassets */ = {isa = PBXFileReference; lastKnownFileType = folder.assetcatalog; path = Images.xcassets; sourceTree = "<group>"; };
		635353C619B4B883002A1E63 /* UITableViewController Challenge SolutionTests.xctest */ = {isa = PBXFileReference; explicitFileType = wrapper.cfbundle; includeInIndex = 0; path = "UITableViewController Challenge SolutionTests.xctest"; sourceTree = BUILT_PRODUCTS_DIR; };
		635353C719B4B883002A1E63 /* XCTest.framework */ = {isa = PBXFileReference; lastKnownFileType = wrapper.framework; name = XCTest.framework; path = Library/Frameworks/XCTest.framework; sourceTree = DEVELOPER_DIR; };
		635353CF19B4B883002A1E63 /* UITableViewController Challenge SolutionTests-Info.plist */ = {isa = PBXFileReference; lastKnownFileType = text.plist.xml; path = "UITableViewController Challenge SolutionTests-Info.plist"; sourceTree = "<group>"; };
		635353D119B4B883002A1E63 /* en */ = {isa = PBXFileReference; lastKnownFileType = text.plist.strings; name = en; path = en.lproj/InfoPlist.strings; sourceTree = "<group>"; };
		635353D319B4B883002A1E63 /* UITableViewController_Challenge_SolutionTests.m */ = {isa = PBXFileReference; lastKnownFileType = sourcecode.c.objc; path = UITableViewController_Challenge_SolutionTests.m; sourceTree = "<group>"; };
		635353E319B4BB71002A1E63 /* CCCTableViewController.h */ = {isa = PBXFileReference; fileEncoding = 4; lastKnownFileType = sourcecode.c.h; name = CCCTableViewController.h; path = ../CCCTableViewController.h; sourceTree = "<group>"; };
		635353E419B4BB71002A1E63 /* CCCTableViewController.m */ = {isa = PBXFileReference; fileEncoding = 4; lastKnownFileType = sourcecode.c.objc; name = CCCTableViewController.m; path = ../CCCTableViewController.m; sourceTree = "<group>"; };
/* End PBXFileReference section */

/* Begin PBXFrameworksBuildPhase section */
		635353A219B4B883002A1E63 /* Frameworks */ = {
			isa = PBXFrameworksBuildPhase;
			buildActionMask = 2147483647;
			files = (
				635353AB19B4B883002A1E63 /* CoreGraphics.framework in Frameworks */,
				635353AD19B4B883002A1E63 /* UIKit.framework in Frameworks */,
				635353A919B4B883002A1E63 /* Foundation.framework in Frameworks */,
			);
			runOnlyForDeploymentPostprocessing = 0;
		};
		635353C319B4B883002A1E63 /* Frameworks */ = {
			isa = PBXFrameworksBuildPhase;
			buildActionMask = 2147483647;
			files = (
				635353C819B4B883002A1E63 /* XCTest.framework in Frameworks */,
				635353CA19B4B883002A1E63 /* UIKit.framework in Frameworks */,
				635353C919B4B883002A1E63 /* Foundation.framework in Frameworks */,
			);
			runOnlyForDeploymentPostprocessing = 0;
		};
/* End PBXFrameworksBuildPhase section */

/* Begin PBXGroup section */
		6353539C19B4B883002A1E63 = {
			isa = PBXGroup;
			children = (
				635353AE19B4B883002A1E63 /* UITableViewController Challenge Solution */,
				635353CD19B4B883002A1E63 /* UITableViewController Challenge SolutionTests */,
				635353A719B4B883002A1E63 /* Frameworks */,
				635353A619B4B883002A1E63 /* Products */,
			);
			sourceTree = "<group>";
		};
		635353A619B4B883002A1E63 /* Products */ = {
			isa = PBXGroup;
			children = (
				635353A519B4B883002A1E63 /* UITableViewController Challenge Solution.app */,
				635353C619B4B883002A1E63 /* UITableViewController Challenge SolutionTests.xctest */,
			);
			name = Products;
			sourceTree = "<group>";
		};
		635353A719B4B883002A1E63 /* Frameworks */ = {
			isa = PBXGroup;
			children = (
				635353A819B4B883002A1E63 /* Foundation.framework */,
				635353AA19B4B883002A1E63 /* CoreGraphics.framework */,
				635353AC19B4B883002A1E63 /* UIKit.framework */,
				635353C719B4B883002A1E63 /* XCTest.framework */,
			);
			name = Frameworks;
			sourceTree = "<group>";
		};
		635353AE19B4B883002A1E63 /* UITableViewController Challenge Solution */ = {
			isa = PBXGroup;
			children = (
				635353B719B4B883002A1E63 /* CCAppDelegate.h */,
				635353B819B4B883002A1E63 /* CCAppDelegate.m */,
				635353BA19B4B883002A1E63 /* Main.storyboard */,
				635353E319B4BB71002A1E63 /* CCCTableViewController.h */,
				635353E419B4BB71002A1E63 /* CCCTableViewController.m */,
				635353C019B4B883002A1E63 /* Images.xcassets */,
				635353AF19B4B883002A1E63 /* Supporting Files */,
			);
			path = "UITableViewController Challenge Solution";
			sourceTree = "<group>";
		};
		635353AF19B4B883002A1E63 /* Supporting Files */ = {
			isa = PBXGroup;
			children = (
				635353B019B4B883002A1E63 /* UITableViewController Challenge Solution-Info.plist */,
				635353B119B4B883002A1E63 /* InfoPlist.strings */,
				635353B419B4B883002A1E63 /* main.m */,
				635353B619B4B883002A1E63 /* UITableViewController Challenge Solution-Prefix.pch */,
			);
			name = "Supporting Files";
			sourceTree = "<group>";
		};
		635353CD19B4B883002A1E63 /* UITableViewController Challenge SolutionTests */ = {
			isa = PBXGroup;
			children = (
				635353D319B4B883002A1E63 /* UITableViewController_Challenge_SolutionTests.m */,
				635353CE19B4B883002A1E63 /* Supporting Files */,
			);
			path = "UITableViewController Challenge SolutionTests";
			sourceTree = "<group>";
		};
		635353CE19B4B883002A1E63 /* Supporting Files */ = {
			isa = PBXGroup;
			children = (
				635353CF19B4B883002A1E63 /* UITableViewController Challenge SolutionTests-Info.plist */,
				635353D019B4B883002A1E63 /* InfoPlist.strings */,
			);
			name = "Supporting Files";
			sourceTree = "<group>";
		};
/* End PBXGroup section */

/* Begin PBXNativeTarget section */
		635353A419B4B883002A1E63 /* UITableViewController Challenge Solution */ = {
			isa = PBXNativeTarget;
			buildConfigurationList = 635353D719B4B883002A1E63 /* Build configuration list for PBXNativeTarget "UITableViewController Challenge Solution" */;
			buildPhases = (
				635353A119B4B883002A1E63 /* Sources */,
				635353A219B4B883002A1E63 /* Frameworks */,
				635353A319B4B883002A1E63 /* Resources */,
			);
			buildRules = (
			);
			dependencies = (
			);
			name = "UITableViewController Challenge Solution";
			productName = "UITableViewController Challenge Solution";
			productReference = 635353A519B4B883002A1E63 /* UITableViewController Challenge Solution.app */;
			productType = "com.apple.product-type.application";
		};
		635353C519B4B883002A1E63 /* UITableViewController Challenge SolutionTests */ = {
			isa = PBXNativeTarget;
			buildConfigurationList = 635353DA19B4B883002A1E63 /* Build configuration list for PBXNativeTarget "UITableViewController Challenge SolutionTests" */;
			buildPhases = (
				635353C219B4B883002A1E63 /* Sources */,
				635353C319B4B883002A1E63 /* Frameworks */,
				635353C419B4B883002A1E63 /* Resources */,
			);
			buildRules = (
			);
			dependencies = (
				635353CC19B4B883002A1E63 /* PBXTargetDependency */,
			);
			name = "UITableViewController Challenge SolutionTests";
			productName = "UITableViewController Challenge SolutionTests";
			productReference = 635353C619B4B883002A1E63 /* UITableViewController Challenge SolutionTests.xctest */;
			productType = "com.apple.product-type.bundle.unit-test";
		};
/* End PBXNativeTarget section */

/* Begin PBXProject section */
		6353539D19B4B883002A1E63 /* Project object */ = {
			isa = PBXProject;
			attributes = {
				CLASSPREFIX = CC;
				LastUpgradeCheck = 0510;
				ORGANIZATIONNAME = "Code Coalition";
				TargetAttributes = {
					635353C519B4B883002A1E63 = {
						TestTargetID = 635353A419B4B883002A1E63;
					};
				};
			};
			buildConfigurationList = 635353A019B4B883002A1E63 /* Build configuration list for PBXProject "UITableViewController Challenge Solution" */;
			compatibilityVersion = "Xcode 3.2";
			developmentRegion = English;
			hasScannedForEncodings = 0;
			knownRegions = (
				en,
				Base,
			);
			mainGroup = 6353539C19B4B883002A1E63;
			productRefGroup = 635353A619B4B883002A1E63 /* Products */;
			projectDirPath = "";
			projectRoot = "";
			targets = (
				635353A419B4B883002A1E63 /* UITableViewController Challenge Solution */,
				635353C519B4B883002A1E63 /* UITableViewController Challenge SolutionTests */,
			);
		};
/* End PBXProject section */

/* Begin PBXResourcesBuildPhase section */
		635353A319B4B883002A1E63 /* Resources */ = {
			isa = PBXResourcesBuildPhase;
			buildActionMask = 2147483647;
			files = (
				635353C119B4B883002A1E63 /* Images.xcassets in Resources */,
				635353B319B4B883002A1E63 /* InfoPlist.strings in Resources */,
				635353BC19B4B883002A1E63 /* Main.storyboard in Resources */,
			);
			runOnlyForDeploymentPostprocessing = 0;
		};
		635353C419B4B883002A1E63 /* Resources */ = {
			isa = PBXResourcesBuildPhase;
			buildActionMask = 2147483647;
			files = (
				635353D219B4B883002A1E63 /* InfoPlist.strings in Resources */,
			);
			runOnlyForDeploymentPostprocessing = 0;
		};
/* End PBXResourcesBuildPhase section */

/* Begin PBXSourcesBuildPhase section */
		635353A119B4B883002A1E63 /* Sources */ = {
			isa = PBXSourcesBuildPhase;
			buildActionMask = 2147483647;
			files = (
				635353E519B4BB71002A1E63 /* CCCTableViewController.m in Sources */,
				635353B919B4B883002A1E63 /* CCAppDelegate.m in Sources */,
				635353B519B4B883002A1E63 /* main.m in Sources */,
			);
			runOnlyForDeploymentPostprocessing = 0;
		};
		635353C219B4B883002A1E63 /* Sources */ = {
			isa = PBXSourcesBuildPhase;
			buildActionMask = 2147483647;
			files = (
				635353D419B4B883002A1E63 /* UITableViewController_Challenge_SolutionTests.m in Sources */,
			);
			runOnlyForDeploymentPostprocessing = 0;
		};
/* End PBXSourcesBuildPhase section */

/* Begin PBXTargetDependency section */
		635353CC19B4B883002A1E63 /* PBXTargetDependency */ = {
			isa = PBXTargetDependency;
			target = 635353A419B4B883002A1E63 /* UITableViewController Challenge Solution */;
			targetProxy = 635353CB19B4B883002A1E63 /* PBXContainerItemProxy */;
		};
/* End PBXTargetDependency section */

/* Begin PBXVariantGroup section */
		635353B119B4B883002A1E63 /* InfoPlist.strings */ = {
			isa = PBXVariantGroup;
			children = (
				635353B219B4B883002A1E63 /* en */,
			);
			name = InfoPlist.strings;
			sourceTree = "<group>";
		};
		635353BA19B4B883002A1E63 /* Main.storyboard */ = {
			isa = PBXVariantGroup;
			children = (
				635353BB19B4B883002A1E63 /* Base */,
			);
			name = Main.storyboard;
			sourceTree = "<group>";
		};
		635353D019B4B883002A1E63 /* InfoPlist.strings */ = {
			isa = PBXVariantGroup;
			children = (
				635353D119B4B883002A1E63 /* en */,
			);
			name = InfoPlist.strings;
			sourceTree = "<group>";
		};
/* End PBXVariantGroup section */

/* Begin XCBuildConfiguration section */
		635353D519B4B883002A1E63 /* Debug */ = {
			isa = XCBuildConfiguration;
			buildSettings = {
				ALWAYS_SEARCH_USER_PATHS = NO;
				CLANG_CXX_LANGUAGE_STANDARD = "gnu++0x";
				CLANG_CXX_LIBRARY = "libc++";
				CLANG_ENABLE_MODULES = YES;
				CLANG_ENABLE_OBJC_ARC = YES;
				CLANG_WARN_BOOL_CONVERSION = YES;
				CLANG_WARN_CONSTANT_CONVERSION = YES;
				CLANG_WARN_DIRECT_OBJC_ISA_USAGE = YES_ERROR;
				CLANG_WARN_EMPTY_BODY = YES;
				CLANG_WARN_ENUM_CONVERSION = YES;
				CLANG_WARN_INT_CONVERSION = YES;
				CLANG_WARN_OBJC_ROOT_CLASS = YES_ERROR;
				CLANG_WARN__DUPLICATE_METHOD_MATCH = YES;
				"CODE_SIGN_IDENTITY[sdk=iphoneos*]" = "iPhone Developer";
				COPY_PHASE_STRIP = NO;
				GCC_C_LANGUAGE_STANDARD = gnu99;
				GCC_DYNAMIC_NO_PIC = NO;
				GCC_OPTIMIZATION_LEVEL = 0;
				GCC_PREPROCESSOR_DEFINITIONS = (
					"DEBUG=1",
					"$(inherited)",
				);
				GCC_SYMBOLS_PRIVATE_EXTERN = NO;
				GCC_WARN_64_TO_32_BIT_CONVERSION = YES;
				GCC_WARN_ABOUT_RETURN_TYPE = YES_ERROR;
				GCC_WARN_UNDECLARED_SELECTOR = YES;
				GCC_WARN_UNINITIALIZED_AUTOS = YES_AGGRESSIVE;
				GCC_WARN_UNUSED_FUNCTION = YES;
				GCC_WARN_UNUSED_VARIABLE = YES;
				IPHONEOS_DEPLOYMENT_TARGET = 7.1;
				ONLY_ACTIVE_ARCH = YES;
				SDKROOT = iphoneos;
			};
			name = Debug;
		};
		635353D619B4B883002A1E63 /* Release */ = {
			isa = XCBuildConfiguration;
			buildSettings = {
				ALWAYS_SEARCH_USER_PATHS = NO;
				CLANG_CXX_LANGUAGE_STANDARD = "gnu++0x";
				CLANG_CXX_LIBRARY = "libc++";
				CLANG_ENABLE_MODULES = YES;
				CLANG_ENABLE_OBJC_ARC = YES;
				CLANG_WARN_BOOL_CONVERSION = YES;
				CLANG_WARN_CONSTANT_CONVERSION = YES;
				CLANG_WARN_DIRECT_OBJC_ISA_USAGE = YES_ERROR;
				CLANG_WARN_EMPTY_BODY = YES;
				CLANG_WARN_ENUM_CONVERSION = YES;
				CLANG_WARN_INT_CONVERSION = YES;
				CLANG_WARN_OBJC_ROOT_CLASS = YES_ERROR;
				CLANG_WARN__DUPLICATE_METHOD_MATCH = YES;
				"CODE_SIGN_IDENTITY[sdk=iphoneos*]" = "iPhone Developer";
				COPY_PHASE_STRIP = YES;
				ENABLE_NS_ASSERTIONS = NO;
				GCC_C_LANGUAGE_STANDARD = gnu99;
				GCC_WARN_64_TO_32_BIT_CONVERSION = YES;
				GCC_WARN_ABOUT_RETURN_TYPE = YES_ERROR;
				GCC_WARN_UNDECLARED_SELECTOR = YES;
				GCC_WARN_UNINITIALIZED_AUTOS = YES_AGGRESSIVE;
				GCC_WARN_UNUSED_FUNCTION = YES;
				GCC_WARN_UNUSED_VARIABLE = YES;
				IPHONEOS_DEPLOYMENT_TARGET = 7.1;
				SDKROOT = iphoneos;
				VALIDATE_PRODUCT = YES;
			};
			name = Release;
		};
		635353D819B4B883002A1E63 /* Debug */ = {
			isa = XCBuildConfiguration;
			buildSettings = {
				ASSETCATALOG_COMPILER_APPICON_NAME = AppIcon;
				ASSETCATALOG_COMPILER_LAUNCHIMAGE_NAME = LaunchImage;
				GCC_PRECOMPILE_PREFIX_HEADER = YES;
				GCC_PREFIX_HEADER = "UITableViewController Challenge Solution/UITableViewController Challenge Solution-Prefix.pch";
				INFOPLIST_FILE = "UITableViewController Challenge Solution/UITableViewController Challenge Solution-Info.plist";
				PRODUCT_NAME = "$(TARGET_NAME)";
				WRAPPER_EXTENSION = app;
			};
			name = Debug;
		};
		635353D919B4B883002A1E63 /* Release */ = {
			isa = XCBuildConfiguration;
			buildSettings = {
				ASSETCATALOG_COMPILER_APPICON_NAME = AppIcon;
				ASSETCATALOG_COMPILER_LAUNCHIMAGE_NAME = LaunchImage;
				GCC_PRECOMPILE_PREFIX_HEADER = YES;
				GCC_PREFIX_HEADER = "UITableViewController Challenge Solution/UITableViewController Challenge Solution-Prefix.pch";
				INFOPLIST_FILE = "UITableViewController Challenge Solution/UITableViewController Challenge Solution-Info.plist";
				PRODUCT_NAME = "$(TARGET_NAME)";
				WRAPPER_EXTENSION = app;
			};
			name = Release;
		};
		635353DB19B4B883002A1E63 /* Debug */ = {
			isa = XCBuildConfiguration;
			buildSettings = {
				BUNDLE_LOADER = "$(BUILT_PRODUCTS_DIR)/UITableViewController Challenge Solution.app/UITableViewController Challenge Solution";
				FRAMEWORK_SEARCH_PATHS = (
					"$(SDKROOT)/Developer/Library/Frameworks",
					"$(inherited)",
					"$(DEVELOPER_FRAMEWORKS_DIR)",
				);
				GCC_PRECOMPILE_PREFIX_HEADER = YES;
				GCC_PREFIX_HEADER = "UITableViewController Challenge Solution/UITableViewController Challenge Solution-Prefix.pch";
				GCC_PREPROCESSOR_DEFINITIONS = (
					"DEBUG=1",
					"$(inherited)",
				);
				INFOPLIST_FILE = "UITableViewController Challenge SolutionTests/UITableViewController Challenge SolutionTests-Info.plist";
				PRODUCT_NAME = "$(TARGET_NAME)";
				TEST_HOST = "$(BUNDLE_LOADER)";
				WRAPPER_EXTENSION = xctest;
			};
			name = Debug;
		};
		635353DC19B4B883002A1E63 /* Release */ = {
			isa = XCBuildConfiguration;
			buildSettings = {
				BUNDLE_LOADER = "$(BUILT_PRODUCTS_DIR)/UITableViewController Challenge Solution.app/UITableViewController Challenge Solution";
				FRAMEWORK_SEARCH_PATHS = (
					"$(SDKROOT)/Developer/Library/Frameworks",
					"$(inherited)",
					"$(DEVELOPER_FRAMEWORKS_DIR)",
				);
				GCC_PRECOMPILE_PREFIX_HEADER = YES;
				GCC_PREFIX_HEADER = "UITableViewController Challenge Solution/UITableViewController Challenge Solution-Prefix.pch";
				INFOPLIST_FILE = "UITableViewController Challenge SolutionTests/UITableViewController Challenge SolutionTests-Info.plist";
				PRODUCT_NAME = "$(TARGET_NAME)";
				TEST_HOST = "$(BUNDLE_LOADER)";
				WRAPPER_EXTENSION = xctest;
			};
			name = Release;
		};
/* End XCBuildConfiguration section */

/* Begin XCConfigurationList section */
		635353A019B4B883002A1E63 /* Build configuration list for PBXProject "UITableViewController Challenge Solution" */ = {
			isa = XCConfigurationList;
			buildConfigurations = (
				635353D519B4B883002A1E63 /* Debug */,
				635353D619B4B883002A1E63 /* Release */,
			);
			defaultConfigurationIsVisible = 0;
			defaultConfigurationName = Release;
		};
		635353D719B4B883002A1E63 /* Build configuration list for PBXNativeTarget "UITableViewController Challenge Solution" */ = {
			isa = XCConfigurationList;
			buildConfigurations = (
				635353D819B4B883002A1E63 /* Debug */,
				635353D919B4B883002A1E63 /* Release */,
			);
			defaultConfigurationIsVisible = 0;
		};
		635353DA19B4B883002A1E63 /* Build configuration list for PBXNativeTarget "UITableViewController Challenge SolutionTests" */ = {
			isa = XCConfigurationList;
			buildConfigurations = (
				635353DB19B4B883002A1E63 /* Debug */,
				635353DC19B4B883002A1E63 /* Release */,
			);
			defaultConfigurationIsVisible = 0;
		};
/* End XCConfigurationList section */
	};
	rootObject = 6353539D19B4B883002A1E63 /* Project object */;
}
